{
  "name": "45ahwii-sudoku",
  "lockfileVersion": 3,
  "requires": true,
  "packages": {
    "": {
      "dependencies": {
        "sudoku": "^0.0.3"
      }
    },
    "node_modules/sudoku": {
      "version": "0.0.3",
      "resolved": "https://registry.npmjs.org/sudoku/-/sudoku-0.0.3.tgz",
      "integrity": "sha512-8UU9b39qCJzncdgGT2jbSjAaNdFNJasoZcgKWt7pZ5zVA6Way8yIP9kR8aS2TA/KOwehu0a5uS43eQxrW4hCIA=="
    }
  }
}
